// !$*UTF8*$!
{
	archiveVersion = 1;
	classes = {
	};
	objectVersion = 56;
	objects = {

/* Begin PBXBuildFile section */
		4161F6386FEB07A6935F893F /* Pods_BeSafeBeHappy.framework in Frameworks */ = {isa = PBXBuildFile; fileRef = CF57801D9F834373FB8C6E67 /* Pods_BeSafeBeHappy.framework */; };
		5F45E0882AC62AD0005836BD /* AppDelegate.swift in Sources */ = {isa = PBXBuildFile; fileRef = 5F45E0872AC62AD0005836BD /* AppDelegate.swift */; };
		5F45E08A2AC62AD0005836BD /* SceneDelegate.swift in Sources */ = {isa = PBXBuildFile; fileRef = 5F45E0892AC62AD0005836BD /* SceneDelegate.swift */; };
		5F45E0912AC62AD1005836BD /* Assets.xcassets in Resources */ = {isa = PBXBuildFile; fileRef = 5F45E0902AC62AD1005836BD /* Assets.xcassets */; };
		5F45E0942AC62AD1005836BD /* LaunchScreen.storyboard in Resources */ = {isa = PBXBuildFile; fileRef = 5F45E0922AC62AD1005836BD /* LaunchScreen.storyboard */; };
		5F45E09C2AC62B4A005836BD /* AuthorizationViewController.swift in Sources */ = {isa = PBXBuildFile; fileRef = 5F45E09B2AC62B4A005836BD /* AuthorizationViewController.swift */; };
		5F45E09F2AC62C6F005836BD /* Enum.swift in Sources */ = {isa = PBXBuildFile; fileRef = 5F45E09E2AC62C6F005836BD /* Enum.swift */; };
		5F45E0A12AC62CBB005836BD /* Extensions.swift in Sources */ = {isa = PBXBuildFile; fileRef = 5F45E0A02AC62CBB005836BD /* Extensions.swift */; };
		5F45E0A32AC62CFD005836BD /* Data.swift in Sources */ = {isa = PBXBuildFile; fileRef = 5F45E0A22AC62CFD005836BD /* Data.swift */; };
		5F45E0A52AC62D2B005836BD /* DataManager.swift in Sources */ = {isa = PBXBuildFile; fileRef = 5F45E0A42AC62D2B005836BD /* DataManager.swift */; };
		5F45E0A92AC62D57005836BD /* NewPhotoViewController.swift in Sources */ = {isa = PBXBuildFile; fileRef = 5F45E0A82AC62D57005836BD /* NewPhotoViewController.swift */; };
		5F45E0AB2AC62D7A005836BD /* PhotoView.swift in Sources */ = {isa = PBXBuildFile; fileRef = 5F45E0AA2AC62D7A005836BD /* PhotoView.swift */; };
		5F45E0AE2AC62E10005836BD /* CircularImageView.swift in Sources */ = {isa = PBXBuildFile; fileRef = 5F45E0AD2AC62E10005836BD /* CircularImageView.swift */; };
		5F45E0B22AC62E95005836BD /* AdaptiveButton.swift in Sources */ = {isa = PBXBuildFile; fileRef = 5F45E0B12AC62E95005836BD /* AdaptiveButton.swift */; };
		5FF82C2B2AC8AB44001B33CD /* PhotoMetaData.swift in Sources */ = {isa = PBXBuildFile; fileRef = 5FF82C2A2AC8AB44001B33CD /* PhotoMetaData.swift */; };
		5FF82C2D2AC96D26001B33CD /* ContentCollectionViewCell.swift in Sources */ = {isa = PBXBuildFile; fileRef = 5FF82C2C2AC96D26001B33CD /* ContentCollectionViewCell.swift */; };
		5FF82C2F2AC971FB001B33CD /* CellModel.swift in Sources */ = {isa = PBXBuildFile; fileRef = 5FF82C2E2AC971FB001B33CD /* CellModel.swift */; };
		5FF82C312AC98F09001B33CD /* Folder.swift in Sources */ = {isa = PBXBuildFile; fileRef = 5FF82C302AC98F09001B33CD /* Folder.swift */; };
		5FF82C332AC9DFDC001B33CD /* ContentViewController.swift in Sources */ = {isa = PBXBuildFile; fileRef = 5FF82C322AC9DFDC001B33CD /* ContentViewController.swift */; };
/* End PBXBuildFile section */

/* Begin PBXFileReference section */
		5F45E0842AC62AD0005836BD /* BeSafeBeHappy.app */ = {isa = PBXFileReference; explicitFileType = wrapper.application; includeInIndex = 0; path = BeSafeBeHappy.app; sourceTree = BUILT_PRODUCTS_DIR; };
		5F45E0872AC62AD0005836BD /* AppDelegate.swift */ = {isa = PBXFileReference; lastKnownFileType = sourcecode.swift; path = AppDelegate.swift; sourceTree = "<group>"; };
		5F45E0892AC62AD0005836BD /* SceneDelegate.swift */ = {isa = PBXFileReference; lastKnownFileType = sourcecode.swift; path = SceneDelegate.swift; sourceTree = "<group>"; };
		5F45E0902AC62AD1005836BD /* Assets.xcassets */ = {isa = PBXFileReference; lastKnownFileType = folder.assetcatalog; path = Assets.xcassets; sourceTree = "<group>"; };
		5F45E0932AC62AD1005836BD /* Base */ = {isa = PBXFileReference; lastKnownFileType = file.storyboard; name = Base; path = Base.lproj/LaunchScreen.storyboard; sourceTree = "<group>"; };
		5F45E0952AC62AD1005836BD /* Info.plist */ = {isa = PBXFileReference; lastKnownFileType = text.plist.xml; path = Info.plist; sourceTree = "<group>"; };
		5F45E09B2AC62B4A005836BD /* AuthorizationViewController.swift */ = {isa = PBXFileReference; lastKnownFileType = sourcecode.swift; path = AuthorizationViewController.swift; sourceTree = "<group>"; };
		5F45E09E2AC62C6F005836BD /* Enum.swift */ = {isa = PBXFileReference; lastKnownFileType = sourcecode.swift; path = Enum.swift; sourceTree = "<group>"; };
		5F45E0A02AC62CBB005836BD /* Extensions.swift */ = {isa = PBXFileReference; lastKnownFileType = sourcecode.swift; path = Extensions.swift; sourceTree = "<group>"; };
		5F45E0A22AC62CFD005836BD /* Data.swift */ = {isa = PBXFileReference; lastKnownFileType = sourcecode.swift; path = Data.swift; sourceTree = "<group>"; };
		5F45E0A42AC62D2B005836BD /* DataManager.swift */ = {isa = PBXFileReference; lastKnownFileType = sourcecode.swift; path = DataManager.swift; sourceTree = "<group>"; };
		5F45E0A82AC62D57005836BD /* NewPhotoViewController.swift */ = {isa = PBXFileReference; lastKnownFileType = sourcecode.swift; path = NewPhotoViewController.swift; sourceTree = "<group>"; };
		5F45E0AA2AC62D7A005836BD /* PhotoView.swift */ = {isa = PBXFileReference; lastKnownFileType = sourcecode.swift; path = PhotoView.swift; sourceTree = "<group>"; };
		5F45E0AD2AC62E10005836BD /* CircularImageView.swift */ = {isa = PBXFileReference; lastKnownFileType = sourcecode.swift; path = CircularImageView.swift; sourceTree = "<group>"; };
		5F45E0B12AC62E95005836BD /* AdaptiveButton.swift */ = {isa = PBXFileReference; lastKnownFileType = sourcecode.swift; path = AdaptiveButton.swift; sourceTree = "<group>"; };
		5FF82C2A2AC8AB44001B33CD /* PhotoMetaData.swift */ = {isa = PBXFileReference; lastKnownFileType = sourcecode.swift; path = PhotoMetaData.swift; sourceTree = "<group>"; };
		5FF82C2C2AC96D26001B33CD /* ContentCollectionViewCell.swift */ = {isa = PBXFileReference; lastKnownFileType = sourcecode.swift; path = ContentCollectionViewCell.swift; sourceTree = "<group>"; };
		5FF82C2E2AC971FB001B33CD /* CellModel.swift */ = {isa = PBXFileReference; lastKnownFileType = sourcecode.swift; path = CellModel.swift; sourceTree = "<group>"; };
		5FF82C302AC98F09001B33CD /* Folder.swift */ = {isa = PBXFileReference; lastKnownFileType = sourcecode.swift; path = Folder.swift; sourceTree = "<group>"; };
		5FF82C322AC9DFDC001B33CD /* ContentViewController.swift */ = {isa = PBXFileReference; lastKnownFileType = sourcecode.swift; path = ContentViewController.swift; sourceTree = "<group>"; };
		6B7DA7968158B3F32DCA355D /* Pods-BeSafeBeHappy.debug.xcconfig */ = {isa = PBXFileReference; includeInIndex = 1; lastKnownFileType = text.xcconfig; name = "Pods-BeSafeBeHappy.debug.xcconfig"; path = "Target Support Files/Pods-BeSafeBeHappy/Pods-BeSafeBeHappy.debug.xcconfig"; sourceTree = "<group>"; };
		B5B93CAB41E797B814EBE8D0 /* Pods-BeSafeBeHappy.release.xcconfig */ = {isa = PBXFileReference; includeInIndex = 1; lastKnownFileType = text.xcconfig; name = "Pods-BeSafeBeHappy.release.xcconfig"; path = "Target Support Files/Pods-BeSafeBeHappy/Pods-BeSafeBeHappy.release.xcconfig"; sourceTree = "<group>"; };
		CF57801D9F834373FB8C6E67 /* Pods_BeSafeBeHappy.framework */ = {isa = PBXFileReference; explicitFileType = wrapper.framework; includeInIndex = 0; path = Pods_BeSafeBeHappy.framework; sourceTree = BUILT_PRODUCTS_DIR; };
/* End PBXFileReference section */

/* Begin PBXFrameworksBuildPhase section */
		5F45E0812AC62AD0005836BD /* Frameworks */ = {
			isa = PBXFrameworksBuildPhase;
			buildActionMask = 2147483647;
			files = (
				4161F6386FEB07A6935F893F /* Pods_BeSafeBeHappy.framework in Frameworks */,
			);
			runOnlyForDeploymentPostprocessing = 0;
		};
/* End PBXFrameworksBuildPhase section */

/* Begin PBXGroup section */
		2080E354465174F16E0776B8 /* Pods */ = {
			isa = PBXGroup;
			children = (
				6B7DA7968158B3F32DCA355D /* Pods-BeSafeBeHappy.debug.xcconfig */,
				B5B93CAB41E797B814EBE8D0 /* Pods-BeSafeBeHappy.release.xcconfig */,
			);
			path = Pods;
			sourceTree = "<group>";
		};
		53C2A888D0602177F6A0A113 /* Frameworks */ = {
			isa = PBXGroup;
			children = (
				CF57801D9F834373FB8C6E67 /* Pods_BeSafeBeHappy.framework */,
			);
			name = Frameworks;
			sourceTree = "<group>";
		};
		5F45E07B2AC62AD0005836BD = {
			isa = PBXGroup;
			children = (
				5F45E0862AC62AD0005836BD /* BeSafeBeHappy */,
				5F45E0852AC62AD0005836BD /* Products */,
				2080E354465174F16E0776B8 /* Pods */,
				53C2A888D0602177F6A0A113 /* Frameworks */,
			);
			sourceTree = "<group>";
		};
		5F45E0852AC62AD0005836BD /* Products */ = {
			isa = PBXGroup;
			children = (
				5F45E0842AC62AD0005836BD /* BeSafeBeHappy.app */,
			);
			name = Products;
			sourceTree = "<group>";
		};
		5F45E0862AC62AD0005836BD /* BeSafeBeHappy */ = {
			isa = PBXGroup;
			children = (
				5F45E0B32AC63045005836BD /* Application */,
				5F45E0AC2AC62D94005836BD /* Views */,
				5F45E0B02AC62E40005836BD /* Controllers */,
				5FF82C2A2AC8AB44001B33CD /* PhotoMetaData.swift */,
				5FF82C302AC98F09001B33CD /* Folder.swift */,
				5FF82C2C2AC96D26001B33CD /* ContentCollectionViewCell.swift */,
				5FF82C2E2AC971FB001B33CD /* CellModel.swift */,
				5F45E0A22AC62CFD005836BD /* Data.swift */,
				5F45E0A42AC62D2B005836BD /* DataManager.swift */,
				5F45E0A02AC62CBB005836BD /* Extensions.swift */,
				5F45E09E2AC62C6F005836BD /* Enum.swift */,
				5F45E0902AC62AD1005836BD /* Assets.xcassets */,
				5F45E0922AC62AD1005836BD /* LaunchScreen.storyboard */,
				5F45E0952AC62AD1005836BD /* Info.plist */,
			);
			path = BeSafeBeHappy;
			sourceTree = "<group>";
		};
		5F45E0AC2AC62D94005836BD /* Views */ = {
			isa = PBXGroup;
			children = (
				5F45E0AA2AC62D7A005836BD /* PhotoView.swift */,
				5F45E0AD2AC62E10005836BD /* CircularImageView.swift */,
				5F45E0B12AC62E95005836BD /* AdaptiveButton.swift */,
			);
			path = Views;
			sourceTree = "<group>";
		};
		5F45E0B02AC62E40005836BD /* Controllers */ = {
			isa = PBXGroup;
			children = (
				5F45E09B2AC62B4A005836BD /* AuthorizationViewController.swift */,
				5FF82C322AC9DFDC001B33CD /* ContentViewController.swift */,
				5F45E0A82AC62D57005836BD /* NewPhotoViewController.swift */,
			);
			path = Controllers;
			sourceTree = "<group>";
		};
		5F45E0B32AC63045005836BD /* Application */ = {
			isa = PBXGroup;
			children = (
				5F45E0872AC62AD0005836BD /* AppDelegate.swift */,
				5F45E0892AC62AD0005836BD /* SceneDelegate.swift */,
			);
			path = Application;
			sourceTree = "<group>";
		};
/* End PBXGroup section */

/* Begin PBXNativeTarget section */
		5F45E0832AC62AD0005836BD /* BeSafeBeHappy */ = {
			isa = PBXNativeTarget;
			buildConfigurationList = 5F45E0982AC62AD1005836BD /* Build configuration list for PBXNativeTarget "BeSafeBeHappy" */;
			buildPhases = (
				E19EC233DD4B7CB9C0E14CCA /* [CP] Check Pods Manifest.lock */,
				5F45E0802AC62AD0005836BD /* Sources */,
				5F45E0812AC62AD0005836BD /* Frameworks */,
				5F45E0822AC62AD0005836BD /* Resources */,
				1C1D656C2C220D4D1B501A7F /* [CP] Embed Pods Frameworks */,
			);
			buildRules = (
			);
			dependencies = (
			);
			name = BeSafeBeHappy;
			productName = BeSafeBeHappy;
			productReference = 5F45E0842AC62AD0005836BD /* BeSafeBeHappy.app */;
			productType = "com.apple.product-type.application";
		};
/* End PBXNativeTarget section */

/* Begin PBXProject section */
		5F45E07C2AC62AD0005836BD /* Project object */ = {
			isa = PBXProject;
			attributes = {
				BuildIndependentTargetsInParallel = 1;
				LastSwiftUpdateCheck = 1500;
				LastUpgradeCheck = 1500;
				TargetAttributes = {
					5F45E0832AC62AD0005836BD = {
						CreatedOnToolsVersion = 15.0;
					};
				};
			};
			buildConfigurationList = 5F45E07F2AC62AD0005836BD /* Build configuration list for PBXProject "BeSafeBeHappy" */;
			compatibilityVersion = "Xcode 14.0";
			developmentRegion = en;
			hasScannedForEncodings = 0;
			knownRegions = (
				en,
				Base,
			);
			mainGroup = 5F45E07B2AC62AD0005836BD;
			productRefGroup = 5F45E0852AC62AD0005836BD /* Products */;
			projectDirPath = "";
			projectRoot = "";
			targets = (
				5F45E0832AC62AD0005836BD /* BeSafeBeHappy */,
			);
		};
/* End PBXProject section */

/* Begin PBXResourcesBuildPhase section */
		5F45E0822AC62AD0005836BD /* Resources */ = {
			isa = PBXResourcesBuildPhase;
			buildActionMask = 2147483647;
			files = (
				5F45E0942AC62AD1005836BD /* LaunchScreen.storyboard in Resources */,
				5F45E0912AC62AD1005836BD /* Assets.xcassets in Resources */,
			);
			runOnlyForDeploymentPostprocessing = 0;
		};
/* End PBXResourcesBuildPhase section */

/* Begin PBXShellScriptBuildPhase section */
		1C1D656C2C220D4D1B501A7F /* [CP] Embed Pods Frameworks */ = {
			isa = PBXShellScriptBuildPhase;
			buildActionMask = 2147483647;
			files = (
			);
			inputFileListPaths = (
				"${PODS_ROOT}/Target Support Files/Pods-BeSafeBeHappy/Pods-BeSafeBeHappy-frameworks-${CONFIGURATION}-input-files.xcfilelist",
			);
			name = "[CP] Embed Pods Frameworks";
			outputFileListPaths = (
				"${PODS_ROOT}/Target Support Files/Pods-BeSafeBeHappy/Pods-BeSafeBeHappy-frameworks-${CONFIGURATION}-output-files.xcfilelist",
			);
			runOnlyForDeploymentPostprocessing = 0;
			shellPath = /bin/sh;
			shellScript = "\"${PODS_ROOT}/Target Support Files/Pods-BeSafeBeHappy/Pods-BeSafeBeHappy-frameworks.sh\"\n";
			showEnvVarsInLog = 0;
		};
		E19EC233DD4B7CB9C0E14CCA /* [CP] Check Pods Manifest.lock */ = {
			isa = PBXShellScriptBuildPhase;
			buildActionMask = 2147483647;
			files = (
			);
			inputFileListPaths = (
			);
			inputPaths = (
				"${PODS_PODFILE_DIR_PATH}/Podfile.lock",
				"${PODS_ROOT}/Manifest.lock",
			);
			name = "[CP] Check Pods Manifest.lock";
			outputFileListPaths = (
			);
			outputPaths = (
				"$(DERIVED_FILE_DIR)/Pods-BeSafeBeHappy-checkManifestLockResult.txt",
			);
			runOnlyForDeploymentPostprocessing = 0;
			shellPath = /bin/sh;
			shellScript = "diff \"${PODS_PODFILE_DIR_PATH}/Podfile.lock\" \"${PODS_ROOT}/Manifest.lock\" > /dev/null\nif [ $? != 0 ] ; then\n    # print error to STDERR\n    echo \"error: The sandbox is not in sync with the Podfile.lock. Run 'pod install' or update your CocoaPods installation.\" >&2\n    exit 1\nfi\n# This output is used by Xcode 'outputs' to avoid re-running this script phase.\necho \"SUCCESS\" > \"${SCRIPT_OUTPUT_FILE_0}\"\n";
			showEnvVarsInLog = 0;
		};
/* End PBXShellScriptBuildPhase section */

/* Begin PBXSourcesBuildPhase section */
		5F45E0802AC62AD0005836BD /* Sources */ = {
			isa = PBXSourcesBuildPhase;
			buildActionMask = 2147483647;
			files = (
				5FF82C2B2AC8AB44001B33CD /* PhotoMetaData.swift in Sources */,
				5F45E0A12AC62CBB005836BD /* Extensions.swift in Sources */,
				5FF82C332AC9DFDC001B33CD /* ContentViewController.swift in Sources */,
				5FF82C2D2AC96D26001B33CD /* ContentCollectionViewCell.swift in Sources */,
				5FF82C312AC98F09001B33CD /* Folder.swift in Sources */,
				5F45E0A32AC62CFD005836BD /* Data.swift in Sources */,
				5F45E09C2AC62B4A005836BD /* AuthorizationViewController.swift in Sources */,
				5F45E0AB2AC62D7A005836BD /* PhotoView.swift in Sources */,
				5F45E0A52AC62D2B005836BD /* DataManager.swift in Sources */,
				5F45E0B22AC62E95005836BD /* AdaptiveButton.swift in Sources */,
				5FF82C2F2AC971FB001B33CD /* CellModel.swift in Sources */,
				5F45E0AE2AC62E10005836BD /* CircularImageView.swift in Sources */,
				5F45E0A92AC62D57005836BD /* NewPhotoViewController.swift in Sources */,
				5F45E0882AC62AD0005836BD /* AppDelegate.swift in Sources */,
				5F45E09F2AC62C6F005836BD /* Enum.swift in Sources */,
				5F45E08A2AC62AD0005836BD /* SceneDelegate.swift in Sources */,
			);
			runOnlyForDeploymentPostprocessing = 0;
		};
/* End PBXSourcesBuildPhase section */

/* Begin PBXVariantGroup section */
		5F45E0922AC62AD1005836BD /* LaunchScreen.storyboard */ = {
			isa = PBXVariantGroup;
			children = (
				5F45E0932AC62AD1005836BD /* Base */,
			);
			name = LaunchScreen.storyboard;
			sourceTree = "<group>";
		};
/* End PBXVariantGroup section */

/* Begin XCBuildConfiguration section */
		5F45E0962AC62AD1005836BD /* Debug */ = {
			isa = XCBuildConfiguration;
			buildSettings = {
				ALWAYS_SEARCH_USER_PATHS = NO;
				ASSETCATALOG_COMPILER_GENERATE_SWIFT_ASSET_SYMBOL_EXTENSIONS = YES;
				CLANG_ANALYZER_NONNULL = YES;
				CLANG_ANALYZER_NUMBER_OBJECT_CONVERSION = YES_AGGRESSIVE;
				CLANG_CXX_LANGUAGE_STANDARD = "gnu++20";
				CLANG_ENABLE_MODULES = YES;
				CLANG_ENABLE_OBJC_ARC = YES;
				CLANG_ENABLE_OBJC_WEAK = YES;
				CLANG_WARN_BLOCK_CAPTURE_AUTORELEASING = YES;
				CLANG_WARN_BOOL_CONVERSION = YES;
				CLANG_WARN_COMMA = YES;
				CLANG_WARN_CONSTANT_CONVERSION = YES;
				CLANG_WARN_DEPRECATED_OBJC_IMPLEMENTATIONS = YES;
				CLANG_WARN_DIRECT_OBJC_ISA_USAGE = YES_ERROR;
				CLANG_WARN_DOCUMENTATION_COMMENTS = YES;
				CLANG_WARN_EMPTY_BODY = YES;
				CLANG_WARN_ENUM_CONVERSION = YES;
				CLANG_WARN_INFINITE_RECURSION = YES;
				CLANG_WARN_INT_CONVERSION = YES;
				CLANG_WARN_NON_LITERAL_NULL_CONVERSION = YES;
				CLANG_WARN_OBJC_IMPLICIT_RETAIN_SELF = YES;
				CLANG_WARN_OBJC_LITERAL_CONVERSION = YES;
				CLANG_WARN_OBJC_ROOT_CLASS = YES_ERROR;
				CLANG_WARN_QUOTED_INCLUDE_IN_FRAMEWORK_HEADER = YES;
				CLANG_WARN_RANGE_LOOP_ANALYSIS = YES;
				CLANG_WARN_STRICT_PROTOTYPES = YES;
				CLANG_WARN_SUSPICIOUS_MOVE = YES;
				CLANG_WARN_UNGUARDED_AVAILABILITY = YES_AGGRESSIVE;
				CLANG_WARN_UNREACHABLE_CODE = YES;
				CLANG_WARN__DUPLICATE_METHOD_MATCH = YES;
				COPY_PHASE_STRIP = NO;
				DEBUG_INFORMATION_FORMAT = dwarf;
				ENABLE_STRICT_OBJC_MSGSEND = YES;
				ENABLE_TESTABILITY = YES;
				ENABLE_USER_SCRIPT_SANDBOXING = NO;
				GCC_C_LANGUAGE_STANDARD = gnu17;
				GCC_DYNAMIC_NO_PIC = NO;
				GCC_NO_COMMON_BLOCKS = YES;
				GCC_OPTIMIZATION_LEVEL = 0;
				GCC_PREPROCESSOR_DEFINITIONS = (
					"DEBUG=1",
					"$(inherited)",
				);
				GCC_WARN_64_TO_32_BIT_CONVERSION = YES;
				GCC_WARN_ABOUT_RETURN_TYPE = YES_ERROR;
				GCC_WARN_UNDECLARED_SELECTOR = YES;
				GCC_WARN_UNINITIALIZED_AUTOS = YES_AGGRESSIVE;
				GCC_WARN_UNUSED_FUNCTION = YES;
				GCC_WARN_UNUSED_VARIABLE = YES;
				IPHONEOS_DEPLOYMENT_TARGET = 17.0;
				LOCALIZATION_PREFERS_STRING_CATALOGS = YES;
				MTL_ENABLE_DEBUG_INFO = INCLUDE_SOURCE;
				MTL_FAST_MATH = YES;
				ONLY_ACTIVE_ARCH = YES;
				SDKROOT = iphoneos;
				SWIFT_ACTIVE_COMPILATION_CONDITIONS = "DEBUG $(inherited)";
				SWIFT_OPTIMIZATION_LEVEL = "-Onone";
			};
			name = Debug;
		};
		5F45E0972AC62AD1005836BD /* Release */ = {
			isa = XCBuildConfiguration;
			buildSettings = {
				ALWAYS_SEARCH_USER_PATHS = NO;
				ASSETCATALOG_COMPILER_GENERATE_SWIFT_ASSET_SYMBOL_EXTENSIONS = YES;
				CLANG_ANALYZER_NONNULL = YES;
				CLANG_ANALYZER_NUMBER_OBJECT_CONVERSION = YES_AGGRESSIVE;
				CLANG_CXX_LANGUAGE_STANDARD = "gnu++20";
				CLANG_ENABLE_MODULES = YES;
				CLANG_ENABLE_OBJC_ARC = YES;
				CLANG_ENABLE_OBJC_WEAK = YES;
				CLANG_WARN_BLOCK_CAPTURE_AUTORELEASING = YES;
				CLANG_WARN_BOOL_CONVERSION = YES;
				CLANG_WARN_COMMA = YES;
				CLANG_WARN_CONSTANT_CONVERSION = YES;
				CLANG_WARN_DEPRECATED_OBJC_IMPLEMENTATIONS = YES;
				CLANG_WARN_DIRECT_OBJC_ISA_USAGE = YES_ERROR;
				CLANG_WARN_DOCUMENTATION_COMMENTS = YES;
				CLANG_WARN_EMPTY_BODY = YES;
				CLANG_WARN_ENUM_CONVERSION = YES;
				CLANG_WARN_INFINITE_RECURSION = YES;
				CLANG_WARN_INT_CONVERSION = YES;
				CLANG_WARN_NON_LITERAL_NULL_CONVERSION = YES;
				CLANG_WARN_OBJC_IMPLICIT_RETAIN_SELF = YES;
				CLANG_WARN_OBJC_LITERAL_CONVERSION = YES;
				CLANG_WARN_OBJC_ROOT_CLASS = YES_ERROR;
				CLANG_WARN_QUOTED_INCLUDE_IN_FRAMEWORK_HEADER = YES;
				CLANG_WARN_RANGE_LOOP_ANALYSIS = YES;
				CLANG_WARN_STRICT_PROTOTYPES = YES;
				CLANG_WARN_SUSPICIOUS_MOVE = YES;
				CLANG_WARN_UNGUARDED_AVAILABILITY = YES_AGGRESSIVE;
				CLANG_WARN_UNREACHABLE_CODE = YES;
				CLANG_WARN__DUPLICATE_METHOD_MATCH = YES;
				COPY_PHASE_STRIP = NO;
				DEBUG_INFORMATION_FORMAT = "dwarf-with-dsym";
				ENABLE_NS_ASSERTIONS = NO;
				ENABLE_STRICT_OBJC_MSGSEND = YES;
				ENABLE_USER_SCRIPT_SANDBOXING = NO;
				GCC_C_LANGUAGE_STANDARD = gnu17;
				GCC_NO_COMMON_BLOCKS = YES;
				GCC_WARN_64_TO_32_BIT_CONVERSION = YES;
				GCC_WARN_ABOUT_RETURN_TYPE = YES_ERROR;
				GCC_WARN_UNDECLARED_SELECTOR = YES;
				GCC_WARN_UNINITIALIZED_AUTOS = YES_AGGRESSIVE;
				GCC_WARN_UNUSED_FUNCTION = YES;
				GCC_WARN_UNUSED_VARIABLE = YES;
				IPHONEOS_DEPLOYMENT_TARGET = 17.0;
				LOCALIZATION_PREFERS_STRING_CATALOGS = YES;
				MTL_ENABLE_DEBUG_INFO = NO;
				MTL_FAST_MATH = YES;
				SDKROOT = iphoneos;
				SWIFT_COMPILATION_MODE = wholemodule;
				VALIDATE_PRODUCT = YES;
			};
			name = Release;
		};
		5F45E0992AC62AD1005836BD /* Debug */ = {
			isa = XCBuildConfiguration;
			baseConfigurationReference = 6B7DA7968158B3F32DCA355D /* Pods-BeSafeBeHappy.debug.xcconfig */;
			buildSettings = {
				ASSETCATALOG_COMPILER_APPICON_NAME = AppIcon;
				ASSETCATALOG_COMPILER_GLOBAL_ACCENT_COLOR_NAME = AccentColor;
				CODE_SIGN_STYLE = Automatic;
				CURRENT_PROJECT_VERSION = 1;
				DEVELOPMENT_TEAM = 9Q5PU57D77;
				GENERATE_INFOPLIST_FILE = YES;
				INFOPLIST_FILE = BeSafeBeHappy/Info.plist;
				INFOPLIST_KEY_UIApplicationSupportsIndirectInputEvents = YES;
				INFOPLIST_KEY_UILaunchStoryboardName = LaunchScreen;
				INFOPLIST_KEY_UISupportedInterfaceOrientations_iPad = "UIInterfaceOrientationPortrait UIInterfaceOrientationPortraitUpsideDown UIInterfaceOrientationLandscapeLeft UIInterfaceOrientationLandscapeRight";
				INFOPLIST_KEY_UISupportedInterfaceOrientations_iPhone = "UIInterfaceOrientationPortrait UIInterfaceOrientationLandscapeLeft UIInterfaceOrientationLandscapeRight";
				IPHONEOS_DEPLOYMENT_TARGET = 15.0;
				LD_RUNPATH_SEARCH_PATHS = (
					"$(inherited)",
					"@executable_path/Frameworks",
				);
				MARKETING_VERSION = 1.0;
				PRODUCT_BUNDLE_IDENTIFIER = "romanvlasov390-inbox.ru.BeSafeBeHappy";
				PRODUCT_NAME = "$(TARGET_NAME)";
				SUPPORTED_PLATFORMS = "iphoneos iphonesimulator";
				SUPPORTS_MACCATALYST = NO;
				SUPPORTS_MAC_DESIGNED_FOR_IPHONE_IPAD = NO;
				SWIFT_EMIT_LOC_STRINGS = YES;
				SWIFT_VERSION = 5.0;
				TARGETED_DEVICE_FAMILY = 1;
			};
			name = Debug;
		};
		5F45E09A2AC62AD1005836BD /* Release */ = {
			isa = XCBuildConfiguration;
			baseConfigurationReference = B5B93CAB41E797B814EBE8D0 /* Pods-BeSafeBeHappy.release.xcconfig */;
			buildSettings = {
				ASSETCATALOG_COMPILER_APPICON_NAME = AppIcon;
				ASSETCATALOG_COMPILER_GLOBAL_ACCENT_COLOR_NAME = AccentColor;
				CODE_SIGN_STYLE = Automatic;
				CURRENT_PROJECT_VERSION = 1;
				DEVELOPMENT_TEAM = 9Q5PU57D77;
				GENERATE_INFOPLIST_FILE = YES;
				INFOPLIST_FILE = BeSafeBeHappy/Info.plist;
				INFOPLIST_KEY_UIApplicationSupportsIndirectInputEvents = YES;
				INFOPLIST_KEY_UILaunchStoryboardName = LaunchScreen;
				INFOPLIST_KEY_UISupportedInterfaceOrientations_iPad = "UIInterfaceOrientationPortrait UIInterfaceOrientationPortraitUpsideDown UIInterfaceOrientationLandscapeLeft UIInterfaceOrientationLandscapeRight";
				INFOPLIST_KEY_UISupportedInterfaceOrientations_iPhone = "UIInterfaceOrientationPortrait UIInterfaceOrientationLandscapeLeft UIInterfaceOrientationLandscapeRight";
				IPHONEOS_DEPLOYMENT_TARGET = 15.0;
				LD_RUNPATH_SEARCH_PATHS = (
					"$(inherited)",
					"@executable_path/Frameworks",
				);
				MARKETING_VERSION = 1.0;
				PRODUCT_BUNDLE_IDENTIFIER = "romanvlasov390-inbox.ru.BeSafeBeHappy";
				PRODUCT_NAME = "$(TARGET_NAME)";
				SUPPORTED_PLATFORMS = "iphoneos iphonesimulator";
				SUPPORTS_MACCATALYST = NO;
				SUPPORTS_MAC_DESIGNED_FOR_IPHONE_IPAD = NO;
				SWIFT_EMIT_LOC_STRINGS = YES;
				SWIFT_VERSION = 5.0;
				TARGETED_DEVICE_FAMILY = 1;
			};
			name = Release;
		};
/* End XCBuildConfiguration section */

/* Begin XCConfigurationList section */
		5F45E07F2AC62AD0005836BD /* Build configuration list for PBXProject "BeSafeBeHappy" */ = {
			isa = XCConfigurationList;
			buildConfigurations = (
				5F45E0962AC62AD1005836BD /* Debug */,
				5F45E0972AC62AD1005836BD /* Release */,
			);
			defaultConfigurationIsVisible = 0;
			defaultConfigurationName = Release;
		};
		5F45E0982AC62AD1005836BD /* Build configuration list for PBXNativeTarget "BeSafeBeHappy" */ = {
			isa = XCConfigurationList;
			buildConfigurations = (
				5F45E0992AC62AD1005836BD /* Debug */,
				5F45E09A2AC62AD1005836BD /* Release */,
			);
			defaultConfigurationIsVisible = 0;
			defaultConfigurationName = Release;
		};
/* End XCConfigurationList section */
	};
	rootObject = 5F45E07C2AC62AD0005836BD /* Project object */;
}
